
Microsoft Visual Studio Solution File, Format Version 11.00
# Visual Studio 2010
Project("{FAE04EC0-301F-11D3-BF4B-00C04F79EFBC}") = "Assembly-CSharp-firstpass", "Assembly-CSharp-firstpass.csproj", "{6c92d54b-1ec5-7624-dca2-58a180cd69d9}"
EndProject
Project("{FAE04EC0-301F-11D3-BF4B-00C04F79EFBC}") = "GoogleMobileAds", "GoogleMobileAds.csproj", "{12981c53-84e1-8b0b-5e23-01a7bfe35a77}"
EndProject
Project("{FAE04EC0-301F-11D3-BF4B-00C04F79EFBC}") = "Assembly-CSharp", "Assembly-CSharp.csproj", "{098cc561-6730-7bbf-6275-2e07a05d7865}"
EndProject
Project("{FAE04EC0-301F-11D3-BF4B-00C04F79EFBC}") = "Assembly-CSharp-Editor", "Assembly-CSharp-Editor.csproj", "{656ec634-a810-e0a7-ace2-dd326eb8cbc1}"
EndProject
Project("{FAE04EC0-301F-11D3-BF4B-00C04F79EFBC}") = "Assembly-CSharp-Editor-firstpass", "Assembly-CSharp-Editor-firstpass.csproj", "{3e5a6521-2546-f9be-7f76-af51a3082719}"
EndProject
Project("{FAE04EC0-301F-11D3-BF4B-00C04F79EFBC}") = "GoogleMobileAds.Editor", "GoogleMobileAds.Editor.csproj", "{3302e5e5-11d7-b42e-1917-a913915f0db4}"
EndProject
Global
	GlobalSection(SolutionConfigurationPlatforms) = preSolution
		Debug|Any CPU = Debug|Any CPU
	EndGlobalSection
	GlobalSection(ProjectConfigurationPlatforms) = postSolution
		{6c92d54b-1ec5-7624-dca2-58a180cd69d9}.Debug|Any CPU.ActiveCfg = Debug|Any CPU
		{6c92d54b-1ec5-7624-dca2-58a180cd69d9}.Debug|Any CPU.Build.0 = Debug|Any CPU
		{12981c53-84e1-8b0b-5e23-01a7bfe35a77}.Debug|Any CPU.ActiveCfg = Debug|Any CPU
		{12981c53-84e1-8b0b-5e23-01a7bfe35a77}.Debug|Any CPU.Build.0 = Debug|Any CPU
		{098cc561-6730-7bbf-6275-2e07a05d7865}.Debug|Any CPU.ActiveCfg = Debug|Any CPU
		{098cc561-6730-7bbf-6275-2e07a05d7865}.Debug|Any CPU.Build.0 = Debug|Any CPU
		{656ec634-a810-e0a7-ace2-dd326eb8cbc1}.Debug|Any CPU.ActiveCfg = Debug|Any CPU
		{656ec634-a810-e0a7-ace2-dd326eb8cbc1}.Debug|Any CPU.Build.0 = Debug|Any CPU
		{3e5a6521-2546-f9be-7f76-af51a3082719}.Debug|Any CPU.ActiveCfg = Debug|Any CPU
		{3e5a6521-2546-f9be-7f76-af51a3082719}.Debug|Any CPU.Build.0 = Debug|Any CPU
		{3302e5e5-11d7-b42e-1917-a913915f0db4}.Debug|Any CPU.ActiveCfg = Debug|Any CPU
		{3302e5e5-11d7-b42e-1917-a913915f0db4}.Debug|Any CPU.Build.0 = Debug|Any CPU
	EndGlobalSection
	GlobalSection(SolutionProperties) = preSolution
		HideSolutionNode = FALSE
	EndGlobalSection
EndGlobal
